
Microsoft Visual Studio Solution File, Format Version 12.00
# Visual Studio Version 17
VisualStudioVersion = 17.7.33711.374
MinimumVisualStudioVersion = 10.0.40219.1
Project("{FAE04EC0-301F-11D3-BF4B-00C04F79EFBC}") = "MonokaiPlusPlusTheme", "MonokaiPlusPlusTheme.csproj", "{FF85618D-FE1D-4D44-9CDE-E10B04E6CED8}"
EndProject
Global
	GlobalSection(SolutionConfigurationPlatforms) = preSolution
		Debug|Any CPU = Debug|Any CPU
		Debug|arm64 = Debug|arm64
		Debug|x86 = Debug|x86
		Release|Any CPU = Release|Any CPU
		Release|arm64 = Release|arm64
		Release|x86 = Release|x86
	EndGlobalSection
	GlobalSection(ProjectConfigurationPlatforms) = postSolution
		{FF85618D-FE1D-4D44-9CDE-E10B04E6CED8}.Debug|Any CPU.ActiveCfg = Debug|Any CPU
		{FF85618D-FE1D-4D44-9CDE-E10B04E6CED8}.Debug|Any CPU.Build.0 = Debug|Any CPU
		{FF85618D-FE1D-4D44-9CDE-E10B04E6CED8}.Debug|arm64.ActiveCfg = Debug|arm64
		{FF85618D-FE1D-4D44-9CDE-E10B04E6CED8}.Debug|arm64.Build.0 = Debug|arm64
		{FF85618D-FE1D-4D44-9CDE-E10B04E6CED8}.Debug|x86.ActiveCfg = Debug|x86
		{FF85618D-FE1D-4D44-9CDE-E10B04E6CED8}.Debug|x86.Build.0 = Debug|x86
		{FF85618D-FE1D-4D44-9CDE-E10B04E6CED8}.Release|Any CPU.ActiveCfg = Release|Any CPU
		{FF85618D-FE1D-4D44-9CDE-E10B04E6CED8}.Release|Any CPU.Build.0 = Release|Any CPU
		{FF85618D-FE1D-4D44-9CDE-E10B04E6CED8}.Release|arm64.ActiveCfg = Release|arm64
		{FF85618D-FE1D-4D44-9CDE-E10B04E6CED8}.Release|arm64.Build.0 = Release|arm64
		{FF85618D-FE1D-4D44-9CDE-E10B04E6CED8}.Release|x86.ActiveCfg = Release|x86
		{FF85618D-FE1D-4D44-9CDE-E10B04E6CED8}.Release|x86.Build.0 = Release|x86
	EndGlobalSection
	GlobalSection(SolutionProperties) = preSolution
		HideSolutionNode = FALSE
	EndGlobalSection
	GlobalSection(ExtensibilityGlobals) = postSolution
		SolutionGuid = {F4049EC6-A685-4977-96C6-A848BA690FC1}
	EndGlobalSection
EndGlobal
